// !$*UTF8*$!
{
	archiveVersion = 1;
	classes = {
	};
	objectVersion = 77;
	objects = {

/* Begin PBXContainerItemProxy section */
		BA9F65482CD4D9EB00BFCAE8 /* PBXContainerItemProxy */ = {
			isa = PBXContainerItemProxy;
			containerPortal = BA9F652F2CD4D9E800BFCAE8 /* Project object */;
			proxyType = 1;
			remoteGlobalIDString = BA9F65362CD4D9E800BFCAE8;
			remoteInfo = "Restart-App";
		};
		BA9F65522CD4D9EB00BFCAE8 /* PBXContainerItemProxy */ = {
			isa = PBXContainerItemProxy;
			containerPortal = BA9F652F2CD4D9E800BFCAE8 /* Project object */;
			proxyType = 1;
			remoteGlobalIDString = BA9F65362CD4D9E800BFCAE8;
			remoteInfo = "Restart-App";
		};
/* End PBXContainerItemProxy section */

/* Begin PBXFileReference section */
		BA9F65372CD4D9E800BFCAE8 /* Restart-App.app */ = {isa = PBXFileReference; explicitFileType = wrapper.application; includeInIndex = 0; path = "Restart-App.app"; sourceTree = BUILT_PRODUCTS_DIR; };
		BA9F65472CD4D9EB00BFCAE8 /* Restart-AppTests.xctest */ = {isa = PBXFileReference; explicitFileType = wrapper.cfbundle; includeInIndex = 0; path = "Restart-AppTests.xctest"; sourceTree = BUILT_PRODUCTS_DIR; };
		BA9F65512CD4D9EB00BFCAE8 /* Restart-AppUITests.xctest */ = {isa = PBXFileReference; explicitFileType = wrapper.cfbundle; includeInIndex = 0; path = "Restart-AppUITests.xctest"; sourceTree = BUILT_PRODUCTS_DIR; };
/* End PBXFileReference section */

/* Begin PBXFileSystemSynchronizedBuildFileExceptionSet section */
		BA9F656F2CD4DBA100BFCAE8 /* Exceptions for "Restart-App" folder in "Restart-App" target */ = {
			isa = PBXFileSystemSynchronizedBuildFileExceptionSet;
			membershipExceptions = (
				Info.plist,
			);
			target = BA9F65362CD4D9E800BFCAE8 /* Restart-App */;
		};
/* End PBXFileSystemSynchronizedBuildFileExceptionSet section */

/* Begin PBXFileSystemSynchronizedRootGroup section */
		BA9F65392CD4D9E800BFCAE8 /* Restart-App */ = {
			isa = PBXFileSystemSynchronizedRootGroup;
			exceptions = (
				BA9F656F2CD4DBA100BFCAE8 /* Exceptions for "Restart-App" folder in "Restart-App" target */,
			);
			path = "Restart-App";
			sourceTree = "<group>";
		};
		BA9F654A2CD4D9EB00BFCAE8 /* Restart-AppTests */ = {
			isa = PBXFileSystemSynchronizedRootGroup;
			path = "Restart-AppTests";
			sourceTree = "<group>";
		};
		BA9F65542CD4D9EB00BFCAE8 /* Restart-AppUITests */ = {
			isa = PBXFileSystemSynchronizedRootGroup;
			path = "Restart-AppUITests";
			sourceTree = "<group>";
		};
/* End PBXFileSystemSynchronizedRootGroup section */

/* Begin PBXFrameworksBuildPhase section */
		BA9F65342CD4D9E800BFCAE8 /* Frameworks */ = {
			isa = PBXFrameworksBuildPhase;
			buildActionMask = 2147483647;
			files = (
			);
			runOnlyForDeploymentPostprocessing = 0;
		};
		BA9F65442CD4D9EB00BFCAE8 /* Frameworks */ = {
			isa = PBXFrameworksBuildPhase;
			buildActionMask = 2147483647;
			files = (
			);
			runOnlyForDeploymentPostprocessing = 0;
		};
		BA9F654E2CD4D9EB00BFCAE8 /* Frameworks */ = {
			isa = PBXFrameworksBuildPhase;
			buildActionMask = 2147483647;
			files = (
			);
			runOnlyForDeploymentPostprocessing = 0;
		};
/* End PBXFrameworksBuildPhase section */

/* Begin PBXGroup section */
		BA9F652E2CD4D9E800BFCAE8 = {
			isa = PBXGroup;
			children = (
				BA9F65392CD4D9E800BFCAE8 /* Restart-App */,
				BA9F654A2CD4D9EB00BFCAE8 /* Restart-AppTests */,
				BA9F65542CD4D9EB00BFCAE8 /* Restart-AppUITests */,
				BA9F65382CD4D9E800BFCAE8 /* Products */,
			);
			sourceTree = "<group>";
		};
		BA9F65382CD4D9E800BFCAE8 /* Products */ = {
			isa = PBXGroup;
			children = (
				BA9F65372CD4D9E800BFCAE8 /* Restart-App.app */,
				BA9F65472CD4D9EB00BFCAE8 /* Restart-AppTests.xctest */,
				BA9F65512CD4D9EB00BFCAE8 /* Restart-AppUITests.xctest */,
			);
			name = Products;
			sourceTree = "<group>";
		};
/* End PBXGroup section */

/* Begin PBXNativeTarget section */
		BA9F65362CD4D9E800BFCAE8 /* Restart-App */ = {
			isa = PBXNativeTarget;
			buildConfigurationList = BA9F655B2CD4D9EB00BFCAE8 /* Build configuration list for PBXNativeTarget "Restart-App" */;
			buildPhases = (
				BA9F65332CD4D9E800BFCAE8 /* Sources */,
				BA9F65342CD4D9E800BFCAE8 /* Frameworks */,
				BA9F65352CD4D9E800BFCAE8 /* Resources */,
			);
			buildRules = (
			);
			dependencies = (
			);
			fileSystemSynchronizedGroups = (
				BA9F65392CD4D9E800BFCAE8 /* Restart-App */,
			);
			name = "Restart-App";
			packageProductDependencies = (
			);
			productName = "Restart-App";
			productReference = BA9F65372CD4D9E800BFCAE8 /* Restart-App.app */;
			productType = "com.apple.product-type.application";
		};
		BA9F65462CD4D9EB00BFCAE8 /* Restart-AppTests */ = {
			isa = PBXNativeTarget;
			buildConfigurationList = BA9F655E2CD4D9EB00BFCAE8 /* Build configuration list for PBXNativeTarget "Restart-AppTests" */;
			buildPhases = (
				BA9F65432CD4D9EB00BFCAE8 /* Sources */,
				BA9F65442CD4D9EB00BFCAE8 /* Frameworks */,
				BA9F65452CD4D9EB00BFCAE8 /* Resources */,
			);
			buildRules = (
			);
			dependencies = (
				BA9F65492CD4D9EB00BFCAE8 /* PBXTargetDependency */,
			);
			fileSystemSynchronizedGroups = (
				BA9F654A2CD4D9EB00BFCAE8 /* Restart-AppTests */,
			);
			name = "Restart-AppTests";
			packageProductDependencies = (
			);
			productName = "Restart-AppTests";
			productReference = BA9F65472CD4D9EB00BFCAE8 /* Restart-AppTests.xctest */;
			productType = "com.apple.product-type.bundle.unit-test";
		};
		BA9F65502CD4D9EB00BFCAE8 /* Restart-AppUITests */ = {
			isa = PBXNativeTarget;
			buildConfigurationList = BA9F65612CD4D9EB00BFCAE8 /* Build configuration list for PBXNativeTarget "Restart-AppUITests" */;
			buildPhases = (
				BA9F654D2CD4D9EB00BFCAE8 /* Sources */,
				BA9F654E2CD4D9EB00BFCAE8 /* Frameworks */,
				BA9F654F2CD4D9EB00BFCAE8 /* Resources */,
			);
			buildRules = (
			);
			dependencies = (
				BA9F65532CD4D9EB00BFCAE8 /* PBXTargetDependency */,
			);
			fileSystemSynchronizedGroups = (
				BA9F65542CD4D9EB00BFCAE8 /* Restart-AppUITests */,
			);
			name = "Restart-AppUITests";
			packageProductDependencies = (
			);
			productName = "Restart-AppUITests";
			productReference = BA9F65512CD4D9EB00BFCAE8 /* Restart-AppUITests.xctest */;
			productType = "com.apple.product-type.bundle.ui-testing";
		};
/* End PBXNativeTarget section */

/* Begin PBXProject section */
		BA9F652F2CD4D9E800BFCAE8 /* Project object */ = {
			isa = PBXProject;
			attributes = {
				BuildIndependentTargetsInParallel = 1;
				LastSwiftUpdateCheck = 1600;
				LastUpgradeCheck = 1600;
				TargetAttributes = {
					BA9F65362CD4D9E800BFCAE8 = {
						CreatedOnToolsVersion = 16.0;
					};
					BA9F65462CD4D9EB00BFCAE8 = {
						CreatedOnToolsVersion = 16.0;
						TestTargetID = BA9F65362CD4D9E800BFCAE8;
					};
					BA9F65502CD4D9EB00BFCAE8 = {
						CreatedOnToolsVersion = 16.0;
						TestTargetID = BA9F65362CD4D9E800BFCAE8;
					};
				};
			};
			buildConfigurationList = BA9F65322CD4D9E800BFCAE8 /* Build configuration list for PBXProject "Restart-App" */;
			developmentRegion = en;
			hasScannedForEncodings = 0;
			knownRegions = (
				en,
				Base,
			);
			mainGroup = BA9F652E2CD4D9E800BFCAE8;
			minimizedProjectReferenceProxies = 1;
			preferredProjectObjectVersion = 77;
			productRefGroup = BA9F65382CD4D9E800BFCAE8 /* Products */;
			projectDirPath = "";
			projectRoot = "";
			targets = (
				BA9F65362CD4D9E800BFCAE8 /* Restart-App */,
				BA9F65462CD4D9EB00BFCAE8 /* Restart-AppTests */,
				BA9F65502CD4D9EB00BFCAE8 /* Restart-AppUITests */,
			);
		};
/* End PBXProject section */

/* Begin PBXResourcesBuildPhase section */
		BA9F65352CD4D9E800BFCAE8 /* Resources */ = {
			isa = PBXResourcesBuildPhase;
			buildActionMask = 2147483647;
			files = (
			);
			runOnlyForDeploymentPostprocessing = 0;
		};
		BA9F65452CD4D9EB00BFCAE8 /* Resources */ = {
			isa = PBXResourcesBuildPhase;
			buildActionMask = 2147483647;
			files = (
			);
			runOnlyForDeploymentPostprocessing = 0;
		};
		BA9F654F2CD4D9EB00BFCAE8 /* Resources */ = {
			isa = PBXResourcesBuildPhase;
			buildActionMask = 2147483647;
			files = (
			);
			runOnlyForDeploymentPostprocessing = 0;
		};
/* End PBXResourcesBuildPhase section */

/* Begin PBXSourcesBuildPhase section */
		BA9F65332CD4D9E800BFCAE8 /* Sources */ = {
			isa = PBXSourcesBuildPhase;
			buildActionMask = 2147483647;
			files = (
			);
			runOnlyForDeploymentPostprocessing = 0;
		};
		BA9F65432CD4D9EB00BFCAE8 /* Sources */ = {
			isa = PBXSourcesBuildPhase;
			buildActionMask = 2147483647;
			files = (
			);
			runOnlyForDeploymentPostprocessing = 0;
		};
		BA9F654D2CD4D9EB00BFCAE8 /* Sources */ = {
			isa = PBXSourcesBuildPhase;
			buildActionMask = 2147483647;
			files = (
			);
			runOnlyForDeploymentPostprocessing = 0;
		};
/* End PBXSourcesBuildPhase section */

/* Begin PBXTargetDependency section */
		BA9F65492CD4D9EB00BFCAE8 /* PBXTargetDependency */ = {
			isa = PBXTargetDependency;
			target = BA9F65362CD4D9E800BFCAE8 /* Restart-App */;
			targetProxy = BA9F65482CD4D9EB00BFCAE8 /* PBXContainerItemProxy */;
		};
		BA9F65532CD4D9EB00BFCAE8 /* PBXTargetDependency */ = {
			isa = PBXTargetDependency;
			target = BA9F65362CD4D9E800BFCAE8 /* Restart-App */;
			targetProxy = BA9F65522CD4D9EB00BFCAE8 /* PBXContainerItemProxy */;
		};
/* End PBXTargetDependency section */

/* Begin XCBuildConfiguration section */
		BA9F65592CD4D9EB00BFCAE8 /* Debug */ = {
			isa = XCBuildConfiguration;
			buildSettings = {
				ALWAYS_SEARCH_USER_PATHS = NO;
				ASSETCATALOG_COMPILER_GENERATE_SWIFT_ASSET_SYMBOL_EXTENSIONS = YES;
				CLANG_ANALYZER_NONNULL = YES;
				CLANG_ANALYZER_NUMBER_OBJECT_CONVERSION = YES_AGGRESSIVE;
				CLANG_CXX_LANGUAGE_STANDARD = "gnu++20";
				CLANG_ENABLE_MODULES = YES;
				CLANG_ENABLE_OBJC_ARC = YES;
				CLANG_ENABLE_OBJC_WEAK = YES;
				CLANG_WARN_BLOCK_CAPTURE_AUTORELEASING = YES;
				CLANG_WARN_BOOL_CONVERSION = YES;
				CLANG_WARN_COMMA = YES;
				CLANG_WARN_CONSTANT_CONVERSION = YES;
				CLANG_WARN_DEPRECATED_OBJC_IMPLEMENTATIONS = YES;
				CLANG_WARN_DIRECT_OBJC_ISA_USAGE = YES_ERROR;
				CLANG_WARN_DOCUMENTATION_COMMENTS = YES;
				CLANG_WARN_EMPTY_BODY = YES;
				CLANG_WARN_ENUM_CONVERSION = YES;
				CLANG_WARN_INFINITE_RECURSION = YES;
				CLANG_WARN_INT_CONVERSION = YES;
				CLANG_WARN_NON_LITERAL_NULL_CONVERSION = YES;
				CLANG_WARN_OBJC_IMPLICIT_RETAIN_SELF = YES;
				CLANG_WARN_OBJC_LITERAL_CONVERSION = YES;
				CLANG_WARN_OBJC_ROOT_CLASS = YES_ERROR;
				CLANG_WARN_QUOTED_INCLUDE_IN_FRAMEWORK_HEADER = YES;
				CLANG_WARN_RANGE_LOOP_ANALYSIS = YES;
				CLANG_WARN_STRICT_PROTOTYPES = YES;
				CLANG_WARN_SUSPICIOUS_MOVE = YES;
				CLANG_WARN_UNGUARDED_AVAILABILITY = YES_AGGRESSIVE;
				CLANG_WARN_UNREACHABLE_CODE = YES;
				CLANG_WARN__DUPLICATE_METHOD_MATCH = YES;
				COPY_PHASE_STRIP = NO;
				DEBUG_INFORMATION_FORMAT = dwarf;
				ENABLE_STRICT_OBJC_MSGSEND = YES;
				ENABLE_TESTABILITY = YES;
				ENABLE_USER_SCRIPT_SANDBOXING = YES;
				GCC_C_LANGUAGE_STANDARD = gnu17;
				GCC_DYNAMIC_NO_PIC = NO;
				GCC_NO_COMMON_BLOCKS = YES;
				GCC_OPTIMIZATION_LEVEL = 0;
				GCC_PREPROCESSOR_DEFINITIONS = (
					"DEBUG=1",
					"$(inherited)",
				);
				GCC_WARN_64_TO_32_BIT_CONVERSION = YES;
				GCC_WARN_ABOUT_RETURN_TYPE = YES_ERROR;
				GCC_WARN_UNDECLARED_SELECTOR = YES;
				GCC_WARN_UNINITIALIZED_AUTOS = YES_AGGRESSIVE;
				GCC_WARN_UNUSED_FUNCTION = YES;
				GCC_WARN_UNUSED_VARIABLE = YES;
				IPHONEOS_DEPLOYMENT_TARGET = 18.0;
				LOCALIZATION_PREFERS_STRING_CATALOGS = YES;
				MTL_ENABLE_DEBUG_INFO = INCLUDE_SOURCE;
				MTL_FAST_MATH = YES;
				ONLY_ACTIVE_ARCH = YES;
				SDKROOT = iphoneos;
				SWIFT_ACTIVE_COMPILATION_CONDITIONS = "DEBUG $(inherited)";
				SWIFT_OPTIMIZATION_LEVEL = "-Onone";
			};
			name = Debug;
		};
		BA9F655A2CD4D9EB00BFCAE8 /* Release */ = {
			isa = XCBuildConfiguration;
			buildSettings = {
				ALWAYS_SEARCH_USER_PATHS = NO;
				ASSETCATALOG_COMPILER_GENERATE_SWIFT_ASSET_SYMBOL_EXTENSIONS = YES;
				CLANG_ANALYZER_NONNULL = YES;
				CLANG_ANALYZER_NUMBER_OBJECT_CONVERSION = YES_AGGRESSIVE;
				CLANG_CXX_LANGUAGE_STANDARD = "gnu++20";
				CLANG_ENABLE_MODULES = YES;
				CLANG_ENABLE_OBJC_ARC = YES;
				CLANG_ENABLE_OBJC_WEAK = YES;
				CLANG_WARN_BLOCK_CAPTURE_AUTORELEASING = YES;
				CLANG_WARN_BOOL_CONVERSION = YES;
				CLANG_WARN_COMMA = YES;
				CLANG_WARN_CONSTANT_CONVERSION = YES;
				CLANG_WARN_DEPRECATED_OBJC_IMPLEMENTATIONS = YES;
				CLANG_WARN_DIRECT_OBJC_ISA_USAGE = YES_ERROR;
				CLANG_WARN_DOCUMENTATION_COMMENTS = YES;
				CLANG_WARN_EMPTY_BODY = YES;
				CLANG_WARN_ENUM_CONVERSION = YES;
				CLANG_WARN_INFINITE_RECURSION = YES;
				CLANG_WARN_INT_CONVERSION = YES;
				CLANG_WARN_NON_LITERAL_NULL_CONVERSION = YES;
				CLANG_WARN_OBJC_IMPLICIT_RETAIN_SELF = YES;
				CLANG_WARN_OBJC_LITERAL_CONVERSION = YES;
				CLANG_WARN_OBJC_ROOT_CLASS = YES_ERROR;
				CLANG_WARN_QUOTED_INCLUDE_IN_FRAMEWORK_HEADER = YES;
				CLANG_WARN_RANGE_LOOP_ANALYSIS = YES;
				CLANG_WARN_STRICT_PROTOTYPES = YES;
				CLANG_WARN_SUSPICIOUS_MOVE = YES;
				CLANG_WARN_UNGUARDED_AVAILABILITY = YES_AGGRESSIVE;
				CLANG_WARN_UNREACHABLE_CODE = YES;
				CLANG_WARN__DUPLICATE_METHOD_MATCH = YES;
				COPY_PHASE_STRIP = NO;
				DEBUG_INFORMATION_FORMAT = "dwarf-with-dsym";
				ENABLE_NS_ASSERTIONS = NO;
				ENABLE_STRICT_OBJC_MSGSEND = YES;
				ENABLE_USER_SCRIPT_SANDBOXING = YES;
				GCC_C_LANGUAGE_STANDARD = gnu17;
				GCC_NO_COMMON_BLOCKS = YES;
				GCC_WARN_64_TO_32_BIT_CONVERSION = YES;
				GCC_WARN_ABOUT_RETURN_TYPE = YES_ERROR;
				GCC_WARN_UNDECLARED_SELECTOR = YES;
				GCC_WARN_UNINITIALIZED_AUTOS = YES_AGGRESSIVE;
				GCC_WARN_UNUSED_FUNCTION = YES;
				GCC_WARN_UNUSED_VARIABLE = YES;
				IPHONEOS_DEPLOYMENT_TARGET = 18.0;
				LOCALIZATION_PREFERS_STRING_CATALOGS = YES;
				MTL_ENABLE_DEBUG_INFO = NO;
				MTL_FAST_MATH = YES;
				SDKROOT = iphoneos;
				SWIFT_COMPILATION_MODE = wholemodule;
				VALIDATE_PRODUCT = YES;
			};
			name = Release;
		};
		BA9F655C2CD4D9EB00BFCAE8 /* Debug */ = {
			isa = XCBuildConfiguration;
			buildSettings = {
				ASSETCATALOG_COMPILER_APPICON_NAME = AppIcon;
				ASSETCATALOG_COMPILER_GLOBAL_ACCENT_COLOR_NAME = AccentColor;
				CODE_SIGN_STYLE = Automatic;
				CURRENT_PROJECT_VERSION = 1;
				DEVELOPMENT_ASSET_PATHS = "\"Restart-App/Preview Content\"";
				DEVELOPMENT_TEAM = DA32Z733P3;
				ENABLE_PREVIEWS = YES;
				GENERATE_INFOPLIST_FILE = YES;
				INFOPLIST_FILE = "Restart-App/Info.plist";
				INFOPLIST_KEY_UIApplicationSceneManifest_Generation = YES;
				INFOPLIST_KEY_UIApplicationSupportsIndirectInputEvents = YES;
				INFOPLIST_KEY_UISupportedInterfaceOrientations = UIInterfaceOrientationPortrait;
				LD_RUNPATH_SEARCH_PATHS = (
					"$(inherited)",
					"@executable_path/Frameworks",
				);
				MARKETING_VERSION = 1.0;
				PRODUCT_BUNDLE_IDENTIFIER = "com.sahil..Restart-App";
				PRODUCT_NAME = "$(TARGET_NAME)";
				SWIFT_EMIT_LOC_STRINGS = YES;
				SWIFT_VERSION = 5.0;
				TARGETED_DEVICE_FAMILY = "1,2";
			};
			name = Debug;
		};
		BA9F655D2CD4D9EB00BFCAE8 /* Release */ = {
			isa = XCBuildConfiguration;
			buildSettings = {
				ASSETCATALOG_COMPILER_APPICON_NAME = AppIcon;
				ASSETCATALOG_COMPILER_GLOBAL_ACCENT_COLOR_NAME = AccentColor;
				CODE_SIGN_STYLE = Automatic;
				CURRENT_PROJECT_VERSION = 1;
				DEVELOPMENT_ASSET_PATHS = "\"Restart-App/Preview Content\"";
				DEVELOPMENT_TEAM = DA32Z733P3;
				ENABLE_PREVIEWS = YES;
				GENERATE_INFOPLIST_FILE = YES;
				INFOPLIST_FILE = "Restart-App/Info.plist";
				INFOPLIST_KEY_UIApplicationSceneManifest_Generation = YES;
				INFOPLIST_KEY_UIApplicationSupportsIndirectInputEvents = YES;
				INFOPLIST_KEY_UISupportedInterfaceOrientations = UIInterfaceOrientationPortrait;
				LD_RUNPATH_SEARCH_PATHS = (
					"$(inherited)",
					"@executable_path/Frameworks",
				);
				MARKETING_VERSION = 1.0;
				PRODUCT_BUNDLE_IDENTIFIER = "com.sahil..Restart-App";
				PRODUCT_NAME = "$(TARGET_NAME)";
				SWIFT_EMIT_LOC_STRINGS = YES;
				SWIFT_VERSION = 5.0;
				TARGETED_DEVICE_FAMILY = "1,2";
			};
			name = Release;
		};
		BA9F655F2CD4D9EB00BFCAE8 /* Debug */ = {
			isa = XCBuildConfiguration;
			buildSettings = {
				BUNDLE_LOADER = "$(TEST_HOST)";
				CODE_SIGN_STYLE = Automatic;
				CURRENT_PROJECT_VERSION = 1;
				DEVELOPMENT_TEAM = DA32Z733P3;
				GENERATE_INFOPLIST_FILE = YES;
				IPHONEOS_DEPLOYMENT_TARGET = 18.0;
				MARKETING_VERSION = 1.0;
				PRODUCT_BUNDLE_IDENTIFIER = "com.sahil..Restart-AppTests";
				PRODUCT_NAME = "$(TARGET_NAME)";
				SWIFT_EMIT_LOC_STRINGS = NO;
				SWIFT_VERSION = 5.0;
				TARGETED_DEVICE_FAMILY = "1,2";
				TEST_HOST = "$(BUILT_PRODUCTS_DIR)/Restart-App.app/$(BUNDLE_EXECUTABLE_FOLDER_PATH)/Restart-App";
			};
			name = Debug;
		};
		BA9F65602CD4D9EB00BFCAE8 /* Release */ = {
			isa = XCBuildConfiguration;
			buildSettings = {
				BUNDLE_LOADER = "$(TEST_HOST)";
				CODE_SIGN_STYLE = Automatic;
				CURRENT_PROJECT_VERSION = 1;
				DEVELOPMENT_TEAM = DA32Z733P3;
				GENERATE_INFOPLIST_FILE = YES;
				IPHONEOS_DEPLOYMENT_TARGET = 18.0;
				MARKETING_VERSION = 1.0;
				PRODUCT_BUNDLE_IDENTIFIER = "com.sahil..Restart-AppTests";
				PRODUCT_NAME = "$(TARGET_NAME)";
				SWIFT_EMIT_LOC_STRINGS = NO;
				SWIFT_VERSION = 5.0;
				TARGETED_DEVICE_FAMILY = "1,2";
				TEST_HOST = "$(BUILT_PRODUCTS_DIR)/Restart-App.app/$(BUNDLE_EXECUTABLE_FOLDER_PATH)/Restart-App";
			};
			name = Release;
		};
		BA9F65622CD4D9EB00BFCAE8 /* Debug */ = {
			isa = XCBuildConfiguration;
			buildSettings = {
				CODE_SIGN_STYLE = Automatic;
				CURRENT_PROJECT_VERSION = 1;
				DEVELOPMENT_TEAM = DA32Z733P3;
				GENERATE_INFOPLIST_FILE = YES;
				MARKETING_VERSION = 1.0;
				PRODUCT_BUNDLE_IDENTIFIER = "com.sahil..Restart-AppUITests";
				PRODUCT_NAME = "$(TARGET_NAME)";
				SWIFT_EMIT_LOC_STRINGS = NO;
				SWIFT_VERSION = 5.0;
				TARGETED_DEVICE_FAMILY = "1,2";
				TEST_TARGET_NAME = "Restart-App";
			};
			name = Debug;
		};
		BA9F65632CD4D9EB00BFCAE8 /* Release */ = {
			isa = XCBuildConfiguration;
			buildSettings = {
				CODE_SIGN_STYLE = Automatic;
				CURRENT_PROJECT_VERSION = 1;
				DEVELOPMENT_TEAM = DA32Z733P3;
				GENERATE_INFOPLIST_FILE = YES;
				MARKETING_VERSION = 1.0;
				PRODUCT_BUNDLE_IDENTIFIER = "com.sahil..Restart-AppUITests";
				PRODUCT_NAME = "$(TARGET_NAME)";
				SWIFT_EMIT_LOC_STRINGS = NO;
				SWIFT_VERSION = 5.0;
				TARGETED_DEVICE_FAMILY = "1,2";
				TEST_TARGET_NAME = "Restart-App";
			};
			name = Release;
		};
/* End XCBuildConfiguration section */

/* Begin XCConfigurationList section */
		BA9F65322CD4D9E800BFCAE8 /* Build configuration list for PBXProject "Restart-App" */ = {
			isa = XCConfigurationList;
			buildConfigurations = (
				BA9F65592CD4D9EB00BFCAE8 /* Debug */,
				BA9F655A2CD4D9EB00BFCAE8 /* Release */,
			);
			defaultConfigurationIsVisible = 0;
			defaultConfigurationName = Release;
		};
		BA9F655B2CD4D9EB00BFCAE8 /* Build configuration list for PBXNativeTarget "Restart-App" */ = {
			isa = XCConfigurationList;
			buildConfigurations = (
				BA9F655C2CD4D9EB00BFCAE8 /* Debug */,
				BA9F655D2CD4D9EB00BFCAE8 /* Release */,
			);
			defaultConfigurationIsVisible = 0;
			defaultConfigurationName = Release;
		};
		BA9F655E2CD4D9EB00BFCAE8 /* Build configuration list for PBXNativeTarget "Restart-AppTests" */ = {
			isa = XCConfigurationList;
			buildConfigurations = (
				BA9F655F2CD4D9EB00BFCAE8 /* Debug */,
				BA9F65602CD4D9EB00BFCAE8 /* Release */,
			);
			defaultConfigurationIsVisible = 0;
			defaultConfigurationName = Release;
		};
		BA9F65612CD4D9EB00BFCAE8 /* Build configuration list for PBXNativeTarget "Restart-AppUITests" */ = {
			isa = XCConfigurationList;
			buildConfigurations = (
				BA9F65622CD4D9EB00BFCAE8 /* Debug */,
				BA9F65632CD4D9EB00BFCAE8 /* Release */,
			);
			defaultConfigurationIsVisible = 0;
			defaultConfigurationName = Release;
		};
/* End XCConfigurationList section */
	};
	rootObject = BA9F652F2CD4D9E800BFCAE8 /* Project object */;
}
